
Microsoft Visual Studio Solution File, Format Version 12.00
# Visual Studio Version 17
VisualStudioVersion = 17.14.36310.24 d17.14
MinimumVisualStudioVersion = 10.0.40219.1
Project("{FAE04EC0-301F-11D3-BF4B-00C04F79EFBC}") = "Store API", "Store API\Store API.csproj", "{2A327106-C367-44CB-B8FE-88A27DE17DCB}"
EndProject
Project("{FAE04EC0-301F-11D3-BF4B-00C04F79EFBC}") = "Domain", "Domain\Domain.csproj", "{1C253359-5251-478C-A13B-1F899B3B1193}"
EndProject
Project("{FAE04EC0-301F-11D3-BF4B-00C04F79EFBC}") = "Infrastructure", "Infrastructure\Infrastructure.csproj", "{3BB5770D-3445-4CD9-A9F6-0DF6B60A7AF3}"
EndProject
Project("{FAE04EC0-301F-11D3-BF4B-00C04F79EFBC}") = "Application", "Application\Application.csproj", "{32042771-E86C-4E39-9C3A-88D5631B0029}"
EndProject
Project("{2150E333-8FDC-42A3-9474-1A3956D46DE8}") = "Propriedades do Projeto", "Propriedades do Projeto", "{380A7511-A354-6D7A-0CC0-8FA1F1BA7B6C}"
	ProjectSection(SolutionItems) = preProject
		TextFile1.txt = TextFile1.txt
	EndProjectSection
EndProject
Global
	GlobalSection(SolutionConfigurationPlatforms) = preSolution
		Debug|Any CPU = Debug|Any CPU
		Release|Any CPU = Release|Any CPU
	EndGlobalSection
	GlobalSection(ProjectConfigurationPlatforms) = postSolution
		{2A327106-C367-44CB-B8FE-88A27DE17DCB}.Debug|Any CPU.ActiveCfg = Debug|Any CPU
		{2A327106-C367-44CB-B8FE-88A27DE17DCB}.Debug|Any CPU.Build.0 = Debug|Any CPU
		{2A327106-C367-44CB-B8FE-88A27DE17DCB}.Release|Any CPU.ActiveCfg = Release|Any CPU
		{2A327106-C367-44CB-B8FE-88A27DE17DCB}.Release|Any CPU.Build.0 = Release|Any CPU
		{1C253359-5251-478C-A13B-1F899B3B1193}.Debug|Any CPU.ActiveCfg = Debug|Any CPU
		{1C253359-5251-478C-A13B-1F899B3B1193}.Debug|Any CPU.Build.0 = Debug|Any CPU
		{1C253359-5251-478C-A13B-1F899B3B1193}.Release|Any CPU.ActiveCfg = Release|Any CPU
		{1C253359-5251-478C-A13B-1F899B3B1193}.Release|Any CPU.Build.0 = Release|Any CPU
		{3BB5770D-3445-4CD9-A9F6-0DF6B60A7AF3}.Debug|Any CPU.ActiveCfg = Debug|Any CPU
		{3BB5770D-3445-4CD9-A9F6-0DF6B60A7AF3}.Debug|Any CPU.Build.0 = Debug|Any CPU
		{3BB5770D-3445-4CD9-A9F6-0DF6B60A7AF3}.Release|Any CPU.ActiveCfg = Release|Any CPU
		{3BB5770D-3445-4CD9-A9F6-0DF6B60A7AF3}.Release|Any CPU.Build.0 = Release|Any CPU
		{32042771-E86C-4E39-9C3A-88D5631B0029}.Debug|Any CPU.ActiveCfg = Debug|Any CPU
		{32042771-E86C-4E39-9C3A-88D5631B0029}.Debug|Any CPU.Build.0 = Debug|Any CPU
		{32042771-E86C-4E39-9C3A-88D5631B0029}.Release|Any CPU.ActiveCfg = Release|Any CPU
		{32042771-E86C-4E39-9C3A-88D5631B0029}.Release|Any CPU.Build.0 = Release|Any CPU
	EndGlobalSection
	GlobalSection(SolutionProperties) = preSolution
		HideSolutionNode = FALSE
	EndGlobalSection
	GlobalSection(ExtensibilityGlobals) = postSolution
		SolutionGuid = {06DE6F39-E008-44C9-B283-E303B8900AD3}
	EndGlobalSection
EndGlobal
